// !$*UTF8*$!
{
	archiveVersion = 1;
	classes = {
	};
	objectVersion = 46;
	objects = {

/* Begin PBXBuildFile section */
		9ECEC0C71ABA2BF7009025EF /* main.m in Sources */ = {isa = PBXBuildFile; fileRef = 9ECEC0C61ABA2BF7009025EF /* main.m */; };
		9ECEC0CA1ABA2BF7009025EF /* AppDelegate.m in Sources */ = {isa = PBXBuildFile; fileRef = 9ECEC0C91ABA2BF7009025EF /* AppDelegate.m */; };
		9ECEC0CD1ABA2BF7009025EF /* TSEViewController.m in Sources */ = {isa = PBXBuildFile; fileRef = 9ECEC0CC1ABA2BF7009025EF /* TSEViewController.m */; };
		9ECEC0D01ABA2BF7009025EF /* Main.storyboard in Resources */ = {isa = PBXBuildFile; fileRef = 9ECEC0CE1ABA2BF7009025EF /* Main.storyboard */; };
		9ECEC0D21ABA2BF7009025EF /* Images.xcassets in Resources */ = {isa = PBXBuildFile; fileRef = 9ECEC0D11ABA2BF7009025EF /* Images.xcassets */; };
		9ECEC0D51ABA2BF7009025EF /* LaunchScreen.xib in Resources */ = {isa = PBXBuildFile; fileRef = 9ECEC0D31ABA2BF7009025EF /* LaunchScreen.xib */; };
		9ECEC0E11ABA2BF7009025EF /* TiltSelectorExampleTests.m in Sources */ = {isa = PBXBuildFile; fileRef = 9ECEC0E01ABA2BF7009025EF /* TiltSelectorExampleTests.m */; };
		9ECEC0F01ABA2C36009025EF /* RAPTiltToScrollViewController.m in Sources */ = {isa = PBXBuildFile; fileRef = 9ECEC0EB1ABA2C36009025EF /* RAPTiltToScrollViewController.m */; };
		9ECEC0F11ABA2C36009025EF /* RAPRectangleSelector.m in Sources */ = {isa = PBXBuildFile; fileRef = 9ECEC0ED1ABA2C36009025EF /* RAPRectangleSelector.m */; };
		9ECEC0F21ABA2C36009025EF /* RAPTiltToScroll.m in Sources */ = {isa = PBXBuildFile; fileRef = 9ECEC0EF1ABA2C36009025EF /* RAPTiltToScroll.m */; };
		9ECEC0F51ABA2D55009025EF /* TSEDataSource.m in Sources */ = {isa = PBXBuildFile; fileRef = 9ECEC0F41ABA2D55009025EF /* TSEDataSource.m */; };
		9ECEC0F81ABA2F69009025EF /* TSESecondViewController.m in Sources */ = {isa = PBXBuildFile; fileRef = 9ECEC0F71ABA2F69009025EF /* TSESecondViewController.m */; };
/* End PBXBuildFile section */

/* Begin PBXContainerItemProxy section */
		9ECEC0DB1ABA2BF7009025EF /* PBXContainerItemProxy */ = {
			isa = PBXContainerItemProxy;
			containerPortal = 9ECEC0B91ABA2BF7009025EF /* Project object */;
			proxyType = 1;
			remoteGlobalIDString = 9ECEC0C01ABA2BF7009025EF;
			remoteInfo = TiltSelectorExample;
		};
/* End PBXContainerItemProxy section */

/* Begin PBXFileReference section */
		9ECEC0C11ABA2BF7009025EF /* TiltSelectorExample.app */ = {isa = PBXFileReference; explicitFileType = wrapper.application; includeInIndex = 0; path = TiltSelectorExample.app; sourceTree = BUILT_PRODUCTS_DIR; };
		9ECEC0C51ABA2BF7009025EF /* Info.plist */ = {isa = PBXFileReference; lastKnownFileType = text.plist.xml; path = Info.plist; sourceTree = "<group>"; };
		9ECEC0C61ABA2BF7009025EF /* main.m */ = {isa = PBXFileReference; lastKnownFileType = sourcecode.c.objc; path = main.m; sourceTree = "<group>"; };
		9ECEC0C81ABA2BF7009025EF /* AppDelegate.h */ = {isa = PBXFileReference; lastKnownFileType = sourcecode.c.h; path = AppDelegate.h; sourceTree = "<group>"; };
		9ECEC0C91ABA2BF7009025EF /* AppDelegate.m */ = {isa = PBXFileReference; lastKnownFileType = sourcecode.c.objc; path = AppDelegate.m; sourceTree = "<group>"; };
		9ECEC0CB1ABA2BF7009025EF /* TSEViewController.h */ = {isa = PBXFileReference; lastKnownFileType = sourcecode.c.h; path = TSEViewController.h; sourceTree = "<group>"; };
		9ECEC0CC1ABA2BF7009025EF /* TSEViewController.m */ = {isa = PBXFileReference; lastKnownFileType = sourcecode.c.objc; path = TSEViewController.m; sourceTree = "<group>"; };
		9ECEC0CF1ABA2BF7009025EF /* Base */ = {isa = PBXFileReference; lastKnownFileType = file.storyboard; name = Base; path = Base.lproj/Main.storyboard; sourceTree = "<group>"; };
		9ECEC0D11ABA2BF7009025EF /* Images.xcassets */ = {isa = PBXFileReference; lastKnownFileType = folder.assetcatalog; path = Images.xcassets; sourceTree = "<group>"; };
		9ECEC0D41ABA2BF7009025EF /* Base */ = {isa = PBXFileReference; lastKnownFileType = file.xib; name = Base; path = Base.lproj/LaunchScreen.xib; sourceTree = "<group>"; };
		9ECEC0DA1ABA2BF7009025EF /* TiltSelectorExampleTests.xctest */ = {isa = PBXFileReference; explicitFileType = wrapper.cfbundle; includeInIndex = 0; path = TiltSelectorExampleTests.xctest; sourceTree = BUILT_PRODUCTS_DIR; };
		9ECEC0DF1ABA2BF7009025EF /* Info.plist */ = {isa = PBXFileReference; lastKnownFileType = text.plist.xml; path = Info.plist; sourceTree = "<group>"; };
		9ECEC0E01ABA2BF7009025EF /* TiltSelectorExampleTests.m */ = {isa = PBXFileReference; lastKnownFileType = sourcecode.c.objc; path = TiltSelectorExampleTests.m; sourceTree = "<group>"; };
		9ECEC0EA1ABA2C36009025EF /* RAPTiltToScrollViewController.h */ = {isa = PBXFileReference; fileEncoding = 4; lastKnownFileType = sourcecode.c.h; path = RAPTiltToScrollViewController.h; sourceTree = "<group>"; };
		9ECEC0EB1ABA2C36009025EF /* RAPTiltToScrollViewController.m */ = {isa = PBXFileReference; fileEncoding = 4; lastKnownFileType = sourcecode.c.objc; path = RAPTiltToScrollViewController.m; sourceTree = "<group>"; };
		9ECEC0EC1ABA2C36009025EF /* RAPRectangleSelector.h */ = {isa = PBXFileReference; fileEncoding = 4; lastKnownFileType = sourcecode.c.h; path = RAPRectangleSelector.h; sourceTree = "<group>"; };
		9ECEC0ED1ABA2C36009025EF /* RAPRectangleSelector.m */ = {isa = PBXFileReference; fileEncoding = 4; lastKnownFileType = sourcecode.c.objc; path = RAPRectangleSelector.m; sourceTree = "<group>"; };
		9ECEC0EE1ABA2C36009025EF /* RAPTiltToScroll.h */ = {isa = PBXFileReference; fileEncoding = 4; lastKnownFileType = sourcecode.c.h; path = RAPTiltToScroll.h; sourceTree = "<group>"; };
		9ECEC0EF1ABA2C36009025EF /* RAPTiltToScroll.m */ = {isa = PBXFileReference; fileEncoding = 4; lastKnownFileType = sourcecode.c.objc; path = RAPTiltToScroll.m; sourceTree = "<group>"; };
		9ECEC0F31ABA2D55009025EF /* TSEDataSource.h */ = {isa = PBXFileReference; fileEncoding = 4; lastKnownFileType = sourcecode.c.h; path = TSEDataSource.h; sourceTree = "<group>"; };
		9ECEC0F41ABA2D55009025EF /* TSEDataSource.m */ = {isa = PBXFileReference; fileEncoding = 4; lastKnownFileType = sourcecode.c.objc; path = TSEDataSource.m; sourceTree = "<group>"; };
		9ECEC0F61ABA2F69009025EF /* TSESecondViewController.h */ = {isa = PBXFileReference; fileEncoding = 4; lastKnownFileType = sourcecode.c.h; path = TSESecondViewController.h; sourceTree = "<group>"; };
		9ECEC0F71ABA2F69009025EF /* TSESecondViewController.m */ = {isa = PBXFileReference; fileEncoding = 4; lastKnownFileType = sourcecode.c.objc; path = TSESecondViewController.m; sourceTree = "<group>"; };
/* End PBXFileReference section */

/* Begin PBXFrameworksBuildPhase section */
		9ECEC0BE1ABA2BF7009025EF /* Frameworks */ = {
			isa = PBXFrameworksBuildPhase;
			buildActionMask = 2147483647;
			files = (
			);
			runOnlyForDeploymentPostprocessing = 0;
		};
		9ECEC0D71ABA2BF7009025EF /* Frameworks */ = {
			isa = PBXFrameworksBuildPhase;
			buildActionMask = 2147483647;
			files = (
			);
			runOnlyForDeploymentPostprocessing = 0;
		};
/* End PBXFrameworksBuildPhase section */

/* Begin PBXGroup section */
		9ECEC0B81ABA2BF7009025EF = {
			isa = PBXGroup;
			children = (
				9ECEC0C31ABA2BF7009025EF /* TiltSelectorExample */,
				9ECEC0DD1ABA2BF7009025EF /* TiltSelectorExampleTests */,
				9ECEC0C21ABA2BF7009025EF /* Products */,
			);
			sourceTree = "<group>";
		};
		9ECEC0C21ABA2BF7009025EF /* Products */ = {
			isa = PBXGroup;
			children = (
				9ECEC0C11ABA2BF7009025EF /* TiltSelectorExample.app */,
				9ECEC0DA1ABA2BF7009025EF /* TiltSelectorExampleTests.xctest */,
			);
			name = Products;
			sourceTree = "<group>";
		};
		9ECEC0C31ABA2BF7009025EF /* TiltSelectorExample */ = {
			isa = PBXGroup;
			children = (
				9ECEC0C81ABA2BF7009025EF /* AppDelegate.h */,
				9ECEC0C91ABA2BF7009025EF /* AppDelegate.m */,
				9ECEC0CB1ABA2BF7009025EF /* TSEViewController.h */,
				9ECEC0CC1ABA2BF7009025EF /* TSEViewController.m */,
				9ECEC0F31ABA2D55009025EF /* TSEDataSource.h */,
				9ECEC0F41ABA2D55009025EF /* TSEDataSource.m */,
				9ECEC0F61ABA2F69009025EF /* TSESecondViewController.h */,
				9ECEC0F71ABA2F69009025EF /* TSESecondViewController.m */,
				9ECEC0F91ABA5038009025EF /* TiltSelector */,
				9ECEC0CE1ABA2BF7009025EF /* Main.storyboard */,
				9ECEC0D11ABA2BF7009025EF /* Images.xcassets */,
				9ECEC0D31ABA2BF7009025EF /* LaunchScreen.xib */,
				9ECEC0C41ABA2BF7009025EF /* Supporting Files */,
			);
			path = TiltSelectorExample;
			sourceTree = "<group>";
		};
		9ECEC0C41ABA2BF7009025EF /* Supporting Files */ = {
			isa = PBXGroup;
			children = (
				9ECEC0C51ABA2BF7009025EF /* Info.plist */,
				9ECEC0C61ABA2BF7009025EF /* main.m */,
			);
			name = "Supporting Files";
			sourceTree = "<group>";
		};
		9ECEC0DD1ABA2BF7009025EF /* TiltSelectorExampleTests */ = {
			isa = PBXGroup;
			children = (
				9ECEC0E01ABA2BF7009025EF /* TiltSelectorExampleTests.m */,
				9ECEC0DE1ABA2BF7009025EF /* Supporting Files */,
			);
			path = TiltSelectorExampleTests;
			sourceTree = "<group>";
		};
		9ECEC0DE1ABA2BF7009025EF /* Supporting Files */ = {
			isa = PBXGroup;
			children = (
				9ECEC0DF1ABA2BF7009025EF /* Info.plist */,
			);
			name = "Supporting Files";
			sourceTree = "<group>";
		};
		9ECEC0F91ABA5038009025EF /* TiltSelector */ = {
			isa = PBXGroup;
			children = (
				9ECEC0EA1ABA2C36009025EF /* RAPTiltToScrollViewController.h */,
				9ECEC0EB1ABA2C36009025EF /* RAPTiltToScrollViewController.m */,
				9ECEC0EC1ABA2C36009025EF /* RAPRectangleSelector.h */,
				9ECEC0ED1ABA2C36009025EF /* RAPRectangleSelector.m */,
				9ECEC0EE1ABA2C36009025EF /* RAPTiltToScroll.h */,
				9ECEC0EF1ABA2C36009025EF /* RAPTiltToScroll.m */,
			);
			name = TiltSelector;
			sourceTree = "<group>";
		};
/* End PBXGroup section */

/* Begin PBXNativeTarget section */
		9ECEC0C01ABA2BF7009025EF /* TiltSelectorExample */ = {
			isa = PBXNativeTarget;
			buildConfigurationList = 9ECEC0E41ABA2BF7009025EF /* Build configuration list for PBXNativeTarget "TiltSelectorExample" */;
			buildPhases = (
				9ECEC0BD1ABA2BF7009025EF /* Sources */,
				9ECEC0BE1ABA2BF7009025EF /* Frameworks */,
				9ECEC0BF1ABA2BF7009025EF /* Resources */,
			);
			buildRules = (
			);
			dependencies = (
			);
			name = TiltSelectorExample;
			productName = TiltSelectorExample;
			productReference = 9ECEC0C11ABA2BF7009025EF /* TiltSelectorExample.app */;
			productType = "com.apple.product-type.application";
		};
		9ECEC0D91ABA2BF7009025EF /* TiltSelectorExampleTests */ = {
			isa = PBXNativeTarget;
			buildConfigurationList = 9ECEC0E71ABA2BF7009025EF /* Build configuration list for PBXNativeTarget "TiltSelectorExampleTests" */;
			buildPhases = (
				9ECEC0D61ABA2BF7009025EF /* Sources */,
				9ECEC0D71ABA2BF7009025EF /* Frameworks */,
				9ECEC0D81ABA2BF7009025EF /* Resources */,
			);
			buildRules = (
			);
			dependencies = (
				9ECEC0DC1ABA2BF7009025EF /* PBXTargetDependency */,
			);
			name = TiltSelectorExampleTests;
			productName = TiltSelectorExampleTests;
			productReference = 9ECEC0DA1ABA2BF7009025EF /* TiltSelectorExampleTests.xctest */;
			productType = "com.apple.product-type.bundle.unit-test";
		};
/* End PBXNativeTarget section */

/* Begin PBXProject section */
		9ECEC0B91ABA2BF7009025EF /* Project object */ = {
			isa = PBXProject;
			attributes = {
				LastUpgradeCheck = 0610;
				ORGANIZATIONNAME = "Hi Range";
				TargetAttributes = {
					9ECEC0C01ABA2BF7009025EF = {
						CreatedOnToolsVersion = 6.1;
					};
					9ECEC0D91ABA2BF7009025EF = {
						CreatedOnToolsVersion = 6.1;
						TestTargetID = 9ECEC0C01ABA2BF7009025EF;
					};
				};
			};
			buildConfigurationList = 9ECEC0BC1ABA2BF7009025EF /* Build configuration list for PBXProject "TiltSelectorExample" */;
			compatibilityVersion = "Xcode 3.2";
			developmentRegion = English;
			hasScannedForEncodings = 0;
			knownRegions = (
				en,
				Base,
			);
			mainGroup = 9ECEC0B81ABA2BF7009025EF;
			productRefGroup = 9ECEC0C21ABA2BF7009025EF /* Products */;
			projectDirPath = "";
			projectRoot = "";
			targets = (
				9ECEC0C01ABA2BF7009025EF /* TiltSelectorExample */,
				9ECEC0D91ABA2BF7009025EF /* TiltSelectorExampleTests */,
			);
		};
/* End PBXProject section */

/* Begin PBXResourcesBuildPhase section */
		9ECEC0BF1ABA2BF7009025EF /* Resources */ = {
			isa = PBXResourcesBuildPhase;
			buildActionMask = 2147483647;
			files = (
				9ECEC0D01ABA2BF7009025EF /* Main.storyboard in Resources */,
				9ECEC0D51ABA2BF7009025EF /* LaunchScreen.xib in Resources */,
				9ECEC0D21ABA2BF7009025EF /* Images.xcassets in Resources */,
			);
			runOnlyForDeploymentPostprocessing = 0;
		};
		9ECEC0D81ABA2BF7009025EF /* Resources */ = {
			isa = PBXResourcesBuildPhase;
			buildActionMask = 2147483647;
			files = (
			);
			runOnlyForDeploymentPostprocessing = 0;
		};
/* End PBXResourcesBuildPhase section */

/* Begin PBXSourcesBuildPhase section */
		9ECEC0BD1ABA2BF7009025EF /* Sources */ = {
			isa = PBXSourcesBuildPhase;
			buildActionMask = 2147483647;
			files = (
				9ECEC0F51ABA2D55009025EF /* TSEDataSource.m in Sources */,
				9ECEC0CD1ABA2BF7009025EF /* TSEViewController.m in Sources */,
				9ECEC0CA1ABA2BF7009025EF /* AppDelegate.m in Sources */,
				9ECEC0F81ABA2F69009025EF /* TSESecondViewController.m in Sources */,
				9ECEC0F21ABA2C36009025EF /* RAPTiltToScroll.m in Sources */,
				9ECEC0F11ABA2C36009025EF /* RAPRectangleSelector.m in Sources */,
				9ECEC0C71ABA2BF7009025EF /* main.m in Sources */,
				9ECEC0F01ABA2C36009025EF /* RAPTiltToScrollViewController.m in Sources */,
			);
			runOnlyForDeploymentPostprocessing = 0;
		};
		9ECEC0D61ABA2BF7009025EF /* Sources */ = {
			isa = PBXSourcesBuildPhase;
			buildActionMask = 2147483647;
			files = (
				9ECEC0E11ABA2BF7009025EF /* TiltSelectorExampleTests.m in Sources */,
			);
			runOnlyForDeploymentPostprocessing = 0;
		};
/* End PBXSourcesBuildPhase section */

/* Begin PBXTargetDependency section */
		9ECEC0DC1ABA2BF7009025EF /* PBXTargetDependency */ = {
			isa = PBXTargetDependency;
			target = 9ECEC0C01ABA2BF7009025EF /* TiltSelectorExample */;
			targetProxy = 9ECEC0DB1ABA2BF7009025EF /* PBXContainerItemProxy */;
		};
/* End PBXTargetDependency section */

/* Begin PBXVariantGroup section */
		9ECEC0CE1ABA2BF7009025EF /* Main.storyboard */ = {
			isa = PBXVariantGroup;
			children = (
				9ECEC0CF1ABA2BF7009025EF /* Base */,
			);
			name = Main.storyboard;
			sourceTree = "<group>";
		};
		9ECEC0D31ABA2BF7009025EF /* LaunchScreen.xib */ = {
			isa = PBXVariantGroup;
			children = (
				9ECEC0D41ABA2BF7009025EF /* Base */,
			);
			name = LaunchScreen.xib;
			sourceTree = "<group>";
		};
/* End PBXVariantGroup section */

/* Begin XCBuildConfiguration section */
		9ECEC0E21ABA2BF7009025EF /* Debug */ = {
			isa = XCBuildConfiguration;
			buildSettings = {
				ALWAYS_SEARCH_USER_PATHS = NO;
				CLANG_CXX_LANGUAGE_STANDARD = "gnu++0x";
				CLANG_CXX_LIBRARY = "libc++";
				CLANG_ENABLE_MODULES = YES;
				CLANG_ENABLE_OBJC_ARC = YES;
				CLANG_WARN_BOOL_CONVERSION = YES;
				CLANG_WARN_CONSTANT_CONVERSION = YES;
				CLANG_WARN_DIRECT_OBJC_ISA_USAGE = YES_ERROR;
				CLANG_WARN_EMPTY_BODY = YES;
				CLANG_WARN_ENUM_CONVERSION = YES;
				CLANG_WARN_INT_CONVERSION = YES;
				CLANG_WARN_OBJC_ROOT_CLASS = YES_ERROR;
				CLANG_WARN_UNREACHABLE_CODE = YES;
				CLANG_WARN__DUPLICATE_METHOD_MATCH = YES;
				"CODE_SIGN_IDENTITY[sdk=iphoneos*]" = "iPhone Developer";
				COPY_PHASE_STRIP = NO;
				ENABLE_STRICT_OBJC_MSGSEND = YES;
				GCC_C_LANGUAGE_STANDARD = gnu99;
				GCC_DYNAMIC_NO_PIC = NO;
				GCC_OPTIMIZATION_LEVEL = 0;
				GCC_PREPROCESSOR_DEFINITIONS = (
					"DEBUG=1",
					"$(inherited)",
				);
				GCC_SYMBOLS_PRIVATE_EXTERN = NO;
				GCC_WARN_64_TO_32_BIT_CONVERSION = YES;
				GCC_WARN_ABOUT_RETURN_TYPE = YES_ERROR;
				GCC_WARN_UNDECLARED_SELECTOR = YES;
				GCC_WARN_UNINITIALIZED_AUTOS = YES_AGGRESSIVE;
				GCC_WARN_UNUSED_FUNCTION = YES;
				GCC_WARN_UNUSED_VARIABLE = YES;
				IPHONEOS_DEPLOYMENT_TARGET = 8.1;
				MTL_ENABLE_DEBUG_INFO = YES;
				ONLY_ACTIVE_ARCH = YES;
				SDKROOT = iphoneos;
				TARGETED_DEVICE_FAMILY = "1,2";
			};
			name = Debug;
		};
		9ECEC0E31ABA2BF7009025EF /* Release */ = {
			isa = XCBuildConfiguration;
			buildSettings = {
				ALWAYS_SEARCH_USER_PATHS = NO;
				CLANG_CXX_LANGUAGE_STANDARD = "gnu++0x";
				CLANG_CXX_LIBRARY = "libc++";
				CLANG_ENABLE_MODULES = YES;
				CLANG_ENABLE_OBJC_ARC = YES;
				CLANG_WARN_BOOL_CONVERSION = YES;
				CLANG_WARN_CONSTANT_CONVERSION = YES;
				CLANG_WARN_DIRECT_OBJC_ISA_USAGE = YES_ERROR;
				CLANG_WARN_EMPTY_BODY = YES;
				CLANG_WARN_ENUM_CONVERSION = YES;
				CLANG_WARN_INT_CONVERSION = YES;
				CLANG_WARN_OBJC_ROOT_CLASS = YES_ERROR;
				CLANG_WARN_UNREACHABLE_CODE = YES;
				CLANG_WARN__DUPLICATE_METHOD_MATCH = YES;
				"CODE_SIGN_IDENTITY[sdk=iphoneos*]" = "iPhone Developer";
				COPY_PHASE_STRIP = YES;
				ENABLE_NS_ASSERTIONS = NO;
				ENABLE_STRICT_OBJC_MSGSEND = YES;
				GCC_C_LANGUAGE_STANDARD = gnu99;
				GCC_WARN_64_TO_32_BIT_CONVERSION = YES;
				GCC_WARN_ABOUT_RETURN_TYPE = YES_ERROR;
				GCC_WARN_UNDECLARED_SELECTOR = YES;
				GCC_WARN_UNINITIALIZED_AUTOS = YES_AGGRESSIVE;
				GCC_WARN_UNUSED_FUNCTION = YES;
				GCC_WARN_UNUSED_VARIABLE = YES;
				IPHONEOS_DEPLOYMENT_TARGET = 8.1;
				MTL_ENABLE_DEBUG_INFO = NO;
				SDKROOT = iphoneos;
				TARGETED_DEVICE_FAMILY = "1,2";
				VALIDATE_PRODUCT = YES;
			};
			name = Release;
		};
		9ECEC0E51ABA2BF7009025EF /* Debug */ = {
			isa = XCBuildConfiguration;
			buildSettings = {
				ASSETCATALOG_COMPILER_APPICON_NAME = AppIcon;
				INFOPLIST_FILE = TiltSelectorExample/Info.plist;
				LD_RUNPATH_SEARCH_PATHS = "$(inherited) @executable_path/Frameworks";
				PRODUCT_NAME = "$(TARGET_NAME)";
			};
			name = Debug;
		};
		9ECEC0E61ABA2BF7009025EF /* Release */ = {
			isa = XCBuildConfiguration;
			buildSettings = {
				ASSETCATALOG_COMPILER_APPICON_NAME = AppIcon;
				INFOPLIST_FILE = TiltSelectorExample/Info.plist;
				LD_RUNPATH_SEARCH_PATHS = "$(inherited) @executable_path/Frameworks";
				PRODUCT_NAME = "$(TARGET_NAME)";
			};
			name = Release;
		};
		9ECEC0E81ABA2BF7009025EF /* Debug */ = {
			isa = XCBuildConfiguration;
			buildSettings = {
				BUNDLE_LOADER = "$(TEST_HOST)";
				FRAMEWORK_SEARCH_PATHS = (
					"$(SDKROOT)/Developer/Library/Frameworks",
					"$(inherited)",
				);
				GCC_PREPROCESSOR_DEFINITIONS = (
					"DEBUG=1",
					"$(inherited)",
				);
				INFOPLIST_FILE = TiltSelectorExampleTests/Info.plist;
				LD_RUNPATH_SEARCH_PATHS = "$(inherited) @executable_path/Frameworks @loader_path/Frameworks";
				PRODUCT_NAME = "$(TARGET_NAME)";
				TEST_HOST = "$(BUILT_PRODUCTS_DIR)/TiltSelectorExample.app/TiltSelectorExample";
			};
			name = Debug;
		};
		9ECEC0E91ABA2BF7009025EF /* Release */ = {
			isa = XCBuildConfiguration;
			buildSettings = {
				BUNDLE_LOADER = "$(TEST_HOST)";
				FRAMEWORK_SEARCH_PATHS = (
					"$(SDKROOT)/Developer/Library/Frameworks",
					"$(inherited)",
				);
				INFOPLIST_FILE = TiltSelectorExampleTests/Info.plist;
				LD_RUNPATH_SEARCH_PATHS = "$(inherited) @executable_path/Frameworks @loader_path/Frameworks";
				PRODUCT_NAME = "$(TARGET_NAME)";
				TEST_HOST = "$(BUILT_PRODUCTS_DIR)/TiltSelectorExample.app/TiltSelectorExample";
			};
			name = Release;
		};
/* End XCBuildConfiguration section */

/* Begin XCConfigurationList section */
		9ECEC0BC1ABA2BF7009025EF /* Build configuration list for PBXProject "TiltSelectorExample" */ = {
			isa = XCConfigurationList;
			buildConfigurations = (
				9ECEC0E21ABA2BF7009025EF /* Debug */,
				9ECEC0E31ABA2BF7009025EF /* Release */,
			);
			defaultConfigurationIsVisible = 0;
			defaultConfigurationName = Release;
		};
		9ECEC0E41ABA2BF7009025EF /* Build configuration list for PBXNativeTarget "TiltSelectorExample" */ = {
			isa = XCConfigurationList;
			buildConfigurations = (
				9ECEC0E51ABA2BF7009025EF /* Debug */,
				9ECEC0E61ABA2BF7009025EF /* Release */,
			);
			defaultConfigurationIsVisible = 0;
		};
		9ECEC0E71ABA2BF7009025EF /* Build configuration list for PBXNativeTarget "TiltSelectorExampleTests" */ = {
			isa = XCConfigurationList;
			buildConfigurations = (
				9ECEC0E81ABA2BF7009025EF /* Debug */,
				9ECEC0E91ABA2BF7009025EF /* Release */,
			);
			defaultConfigurationIsVisible = 0;
		};
/* End XCConfigurationList section */
	};
	rootObject = 9ECEC0B91ABA2BF7009025EF /* Project object */;
}
